
Microsoft Visual Studio Solution File, Format Version 12.00
# Visual Studio Version 16
VisualStudioVersion = 16.0.29009.5
MinimumVisualStudioVersion = 10.0.40219.1
Project("{FAE04EC0-301F-11D3-BF4B-00C04F79EFBC}") = "MvcAuth", "MvcAuth\MvcAuth.csproj", "{B8459AE3-6DDE-4825-9ADD-EF5E8345455C}"
EndProject
Global
	GlobalSection(SolutionConfigurationPlatforms) = preSolution
		Debug|Any CPU = Debug|Any CPU
		Release|Any CPU = Release|Any CPU
	EndGlobalSection
	GlobalSection(ProjectConfigurationPlatforms) = postSolution
		{B8459AE3-6DDE-4825-9ADD-EF5E8345455C}.Debug|Any CPU.ActiveCfg = Debug|Any CPU
		{B8459AE3-6DDE-4825-9ADD-EF5E8345455C}.Debug|Any CPU.Build.0 = Debug|Any CPU
		{B8459AE3-6DDE-4825-9ADD-EF5E8345455C}.Release|Any CPU.ActiveCfg = Release|Any CPU
		{B8459AE3-6DDE-4825-9ADD-EF5E8345455C}.Release|Any CPU.Build.0 = Release|Any CPU
	EndGlobalSection
	GlobalSection(SolutionProperties) = preSolution
		HideSolutionNode = FALSE
	EndGlobalSection
	GlobalSection(ExtensibilityGlobals) = postSolution
		SolutionGuid = {14BF0E08-0F71-4C4E-BAA9-B6A707481897}
	EndGlobalSection
EndGlobal
